// !$*UTF8*$!
{
	archiveVersion = 1;
	classes = {
	};
	objectVersion = 55;
	objects = {

/* Begin PBXBuildFile section */
		A7E3A02ACD95D00CB840EC0E /* Pods_Palli_Test_App.framework in Frameworks */ = {isa = PBXBuildFile; fileRef = EB586CEADBC39BCD65C5EEBC /* Pods_Palli_Test_App.framework */; };
		DC3741D926BD8B2100AB8AD5 /* BooksTableViewCell.swift in Sources */ = {isa = PBXBuildFile; fileRef = DC3741D726BD8B2100AB8AD5 /* BooksTableViewCell.swift */; };
		DC3741DA26BD8B2100AB8AD5 /* BooksTableViewCell.xib in Resources */ = {isa = PBXBuildFile; fileRef = DC3741D826BD8B2100AB8AD5 /* BooksTableViewCell.xib */; };
		DCDAA87F26BD4284005675A3 /* AppDelegate.swift in Sources */ = {isa = PBXBuildFile; fileRef = DCDAA87E26BD4284005675A3 /* AppDelegate.swift */; };
		DCDAA88826BD4285005675A3 /* Assets.xcassets in Resources */ = {isa = PBXBuildFile; fileRef = DCDAA88726BD4285005675A3 /* Assets.xcassets */; };
		DCDAA88B26BD4285005675A3 /* LaunchScreen.storyboard in Resources */ = {isa = PBXBuildFile; fileRef = DCDAA88926BD4285005675A3 /* LaunchScreen.storyboard */; };
		DCDAA89826BD5070005675A3 /* BooksContract.swift in Sources */ = {isa = PBXBuildFile; fileRef = DCDAA89726BD5070005675A3 /* BooksContract.swift */; };
		DCDAA89A26BD507A005675A3 /* BooksPresenter.swift in Sources */ = {isa = PBXBuildFile; fileRef = DCDAA89926BD507A005675A3 /* BooksPresenter.swift */; };
		DCDAA89C26BD508C005675A3 /* BooksRouter.swift in Sources */ = {isa = PBXBuildFile; fileRef = DCDAA89B26BD508C005675A3 /* BooksRouter.swift */; };
		DCDAA89E26BD5099005675A3 /* BooksViewController.swift in Sources */ = {isa = PBXBuildFile; fileRef = DCDAA89D26BD5099005675A3 /* BooksViewController.swift */; };
		DCDAA8A026BD50A8005675A3 /* BooksInteractor.swift in Sources */ = {isa = PBXBuildFile; fileRef = DCDAA89F26BD50A8005675A3 /* BooksInteractor.swift */; };
		DCDAA8A226BD54DE005675A3 /* BookDetailRouter.swift in Sources */ = {isa = PBXBuildFile; fileRef = DCDAA8A126BD54DE005675A3 /* BookDetailRouter.swift */; };
		DCDAA8A426BD554A005675A3 /* BookDetailContract.swift in Sources */ = {isa = PBXBuildFile; fileRef = DCDAA8A326BD554A005675A3 /* BookDetailContract.swift */; };
		DCDAA8A626BD555B005675A3 /* BookDetailPresenter.swift in Sources */ = {isa = PBXBuildFile; fileRef = DCDAA8A526BD555B005675A3 /* BookDetailPresenter.swift */; };
		DCDAA8A826BD557A005675A3 /* BookDetailViewController.swift in Sources */ = {isa = PBXBuildFile; fileRef = DCDAA8A726BD557A005675A3 /* BookDetailViewController.swift */; };
		DCDAA8AA26BD5586005675A3 /* BookDetailInteractor.swift in Sources */ = {isa = PBXBuildFile; fileRef = DCDAA8A926BD5586005675A3 /* BookDetailInteractor.swift */; };
		DCDAA8AD26BD5909005675A3 /* Books.swift in Sources */ = {isa = PBXBuildFile; fileRef = DCDAA8AC26BD5909005675A3 /* Books.swift */; };
		DCDAA8AF26BD5C46005675A3 /* APIManager.swift in Sources */ = {isa = PBXBuildFile; fileRef = DCDAA8AE26BD5C46005675A3 /* APIManager.swift */; };
/* End PBXBuildFile section */

/* Begin PBXFileReference section */
		2F2CF8DC016D4AFE6468EAED /* Pods-Palli Test App.release.xcconfig */ = {isa = PBXFileReference; includeInIndex = 1; lastKnownFileType = text.xcconfig; name = "Pods-Palli Test App.release.xcconfig"; path = "Target Support Files/Pods-Palli Test App/Pods-Palli Test App.release.xcconfig"; sourceTree = "<group>"; };
		A3C22DCAF1EBBA7F2F0D4DE6 /* Pods-Palli Test App.debug.xcconfig */ = {isa = PBXFileReference; includeInIndex = 1; lastKnownFileType = text.xcconfig; name = "Pods-Palli Test App.debug.xcconfig"; path = "Target Support Files/Pods-Palli Test App/Pods-Palli Test App.debug.xcconfig"; sourceTree = "<group>"; };
		DC3741CF26BD853E00AB8AD5 /* Info.plist */ = {isa = PBXFileReference; lastKnownFileType = text.plist.xml; path = Info.plist; sourceTree = "<group>"; };
		DC3741D726BD8B2100AB8AD5 /* BooksTableViewCell.swift */ = {isa = PBXFileReference; lastKnownFileType = sourcecode.swift; path = BooksTableViewCell.swift; sourceTree = "<group>"; };
		DC3741D826BD8B2100AB8AD5 /* BooksTableViewCell.xib */ = {isa = PBXFileReference; lastKnownFileType = file.xib; path = BooksTableViewCell.xib; sourceTree = "<group>"; };
		DCDAA87B26BD4283005675A3 /* Palli Test App.app */ = {isa = PBXFileReference; explicitFileType = wrapper.application; includeInIndex = 0; path = "Palli Test App.app"; sourceTree = BUILT_PRODUCTS_DIR; };
		DCDAA87E26BD4284005675A3 /* AppDelegate.swift */ = {isa = PBXFileReference; lastKnownFileType = sourcecode.swift; path = AppDelegate.swift; sourceTree = "<group>"; };
		DCDAA88726BD4285005675A3 /* Assets.xcassets */ = {isa = PBXFileReference; lastKnownFileType = folder.assetcatalog; path = Assets.xcassets; sourceTree = "<group>"; };
		DCDAA88A26BD4285005675A3 /* Base */ = {isa = PBXFileReference; lastKnownFileType = file.storyboard; name = Base; path = Base.lproj/LaunchScreen.storyboard; sourceTree = "<group>"; };
		DCDAA89726BD5070005675A3 /* BooksContract.swift */ = {isa = PBXFileReference; lastKnownFileType = sourcecode.swift; path = BooksContract.swift; sourceTree = "<group>"; };
		DCDAA89926BD507A005675A3 /* BooksPresenter.swift */ = {isa = PBXFileReference; lastKnownFileType = sourcecode.swift; path = BooksPresenter.swift; sourceTree = "<group>"; };
		DCDAA89B26BD508C005675A3 /* BooksRouter.swift */ = {isa = PBXFileReference; lastKnownFileType = sourcecode.swift; path = BooksRouter.swift; sourceTree = "<group>"; };
		DCDAA89D26BD5099005675A3 /* BooksViewController.swift */ = {isa = PBXFileReference; lastKnownFileType = sourcecode.swift; path = BooksViewController.swift; sourceTree = "<group>"; };
		DCDAA89F26BD50A8005675A3 /* BooksInteractor.swift */ = {isa = PBXFileReference; lastKnownFileType = sourcecode.swift; path = BooksInteractor.swift; sourceTree = "<group>"; };
		DCDAA8A126BD54DE005675A3 /* BookDetailRouter.swift */ = {isa = PBXFileReference; lastKnownFileType = sourcecode.swift; path = BookDetailRouter.swift; sourceTree = "<group>"; };
		DCDAA8A326BD554A005675A3 /* BookDetailContract.swift */ = {isa = PBXFileReference; lastKnownFileType = sourcecode.swift; path = BookDetailContract.swift; sourceTree = "<group>"; };
		DCDAA8A526BD555B005675A3 /* BookDetailPresenter.swift */ = {isa = PBXFileReference; lastKnownFileType = sourcecode.swift; path = BookDetailPresenter.swift; sourceTree = "<group>"; };
		DCDAA8A726BD557A005675A3 /* BookDetailViewController.swift */ = {isa = PBXFileReference; lastKnownFileType = sourcecode.swift; path = BookDetailViewController.swift; sourceTree = "<group>"; };
		DCDAA8A926BD5586005675A3 /* BookDetailInteractor.swift */ = {isa = PBXFileReference; lastKnownFileType = sourcecode.swift; path = BookDetailInteractor.swift; sourceTree = "<group>"; };
		DCDAA8AC26BD5909005675A3 /* Books.swift */ = {isa = PBXFileReference; lastKnownFileType = sourcecode.swift; path = Books.swift; sourceTree = "<group>"; };
		DCDAA8AE26BD5C46005675A3 /* APIManager.swift */ = {isa = PBXFileReference; lastKnownFileType = sourcecode.swift; path = APIManager.swift; sourceTree = "<group>"; };
		EB586CEADBC39BCD65C5EEBC /* Pods_Palli_Test_App.framework */ = {isa = PBXFileReference; explicitFileType = wrapper.framework; includeInIndex = 0; path = Pods_Palli_Test_App.framework; sourceTree = BUILT_PRODUCTS_DIR; };
/* End PBXFileReference section */

/* Begin PBXFrameworksBuildPhase section */
		DCDAA87826BD4283005675A3 /* Frameworks */ = {
			isa = PBXFrameworksBuildPhase;
			buildActionMask = 2147483647;
			files = (
				A7E3A02ACD95D00CB840EC0E /* Pods_Palli_Test_App.framework in Frameworks */,
			);
			runOnlyForDeploymentPostprocessing = 0;
		};
/* End PBXFrameworksBuildPhase section */

/* Begin PBXGroup section */
		3C015E20796C8A4BF165F8B1 /* Pods */ = {
			isa = PBXGroup;
			children = (
				A3C22DCAF1EBBA7F2F0D4DE6 /* Pods-Palli Test App.debug.xcconfig */,
				2F2CF8DC016D4AFE6468EAED /* Pods-Palli Test App.release.xcconfig */,
			);
			path = Pods;
			sourceTree = "<group>";
		};
		DC3741D626BD8B0500AB8AD5 /* BooksTableViewCell */ = {
			isa = PBXGroup;
			children = (
				DC3741D726BD8B2100AB8AD5 /* BooksTableViewCell.swift */,
				DC3741D826BD8B2100AB8AD5 /* BooksTableViewCell.xib */,
			);
			path = BooksTableViewCell;
			sourceTree = "<group>";
		};
		DCDAA87226BD4283005675A3 = {
			isa = PBXGroup;
			children = (
				DCDAA87D26BD4283005675A3 /* Palli Test App */,
				DCDAA87C26BD4283005675A3 /* Products */,
				3C015E20796C8A4BF165F8B1 /* Pods */,
				E80B7F82FD523F8421895E2D /* Frameworks */,
			);
			sourceTree = "<group>";
		};
		DCDAA87C26BD4283005675A3 /* Products */ = {
			isa = PBXGroup;
			children = (
				DCDAA87B26BD4283005675A3 /* Palli Test App.app */,
			);
			name = Products;
			sourceTree = "<group>";
		};
		DCDAA87D26BD4283005675A3 /* Palli Test App */ = {
			isa = PBXGroup;
			children = (
				DCDAA89326BD4FC1005675A3 /* App */,
				DCDAA89426BD5012005675A3 /* Modules */,
				DCDAA8AB26BD58F8005675A3 /* Common */,
				DCDAA89226BD4F92005675A3 /* Other */,
			);
			path = "Palli Test App";
			sourceTree = "<group>";
		};
		DCDAA89226BD4F92005675A3 /* Other */ = {
			isa = PBXGroup;
			children = (
				DCDAA88926BD4285005675A3 /* LaunchScreen.storyboard */,
				DCDAA88726BD4285005675A3 /* Assets.xcassets */,
				DC3741CF26BD853E00AB8AD5 /* Info.plist */,
			);
			path = Other;
			sourceTree = "<group>";
		};
		DCDAA89326BD4FC1005675A3 /* App */ = {
			isa = PBXGroup;
			children = (
				DCDAA87E26BD4284005675A3 /* AppDelegate.swift */,
			);
			path = App;
			sourceTree = "<group>";
		};
		DCDAA89426BD5012005675A3 /* Modules */ = {
			isa = PBXGroup;
			children = (
				DCDAA89526BD5020005675A3 /* BooksMain */,
				DCDAA89626BD503A005675A3 /* BookDetail */,
			);
			path = Modules;
			sourceTree = "<group>";
		};
		DCDAA89526BD5020005675A3 /* BooksMain */ = {
			isa = PBXGroup;
			children = (
				DCDAA89726BD5070005675A3 /* BooksContract.swift */,
				DCDAA89926BD507A005675A3 /* BooksPresenter.swift */,
				DCDAA89B26BD508C005675A3 /* BooksRouter.swift */,
				DCDAA89D26BD5099005675A3 /* BooksViewController.swift */,
				DCDAA89F26BD50A8005675A3 /* BooksInteractor.swift */,
			);
			path = BooksMain;
			sourceTree = "<group>";
		};
		DCDAA89626BD503A005675A3 /* BookDetail */ = {
			isa = PBXGroup;
			children = (
				DCDAA8A326BD554A005675A3 /* BookDetailContract.swift */,
				DCDAA8A526BD555B005675A3 /* BookDetailPresenter.swift */,
				DCDAA8A126BD54DE005675A3 /* BookDetailRouter.swift */,
				DCDAA8A726BD557A005675A3 /* BookDetailViewController.swift */,
				DCDAA8A926BD5586005675A3 /* BookDetailInteractor.swift */,
			);
			path = BookDetail;
			sourceTree = "<group>";
		};
		DCDAA8AB26BD58F8005675A3 /* Common */ = {
			isa = PBXGroup;
			children = (
				DC3741D626BD8B0500AB8AD5 /* BooksTableViewCell */,
				DCDAA8AC26BD5909005675A3 /* Books.swift */,
				DCDAA8AE26BD5C46005675A3 /* APIManager.swift */,
			);
			path = Common;
			sourceTree = "<group>";
		};
		E80B7F82FD523F8421895E2D /* Frameworks */ = {
			isa = PBXGroup;
			children = (
				EB586CEADBC39BCD65C5EEBC /* Pods_Palli_Test_App.framework */,
			);
			name = Frameworks;
			sourceTree = "<group>";
		};
/* End PBXGroup section */

/* Begin PBXNativeTarget section */
		DCDAA87A26BD4283005675A3 /* Palli Test App */ = {
			isa = PBXNativeTarget;
			buildConfigurationList = DCDAA88F26BD4285005675A3 /* Build configuration list for PBXNativeTarget "Palli Test App" */;
			buildPhases = (
				274851A0C71FDE52A4ED38D9 /* [CP] Check Pods Manifest.lock */,
				DCDAA87726BD4283005675A3 /* Sources */,
				DCDAA87826BD4283005675A3 /* Frameworks */,
				DCDAA87926BD4283005675A3 /* Resources */,
				6A6ECF1613BE5BFC514D0A52 /* [CP] Embed Pods Frameworks */,
			);
			buildRules = (
			);
			dependencies = (
			);
			name = "Palli Test App";
			productName = "Palli Test App";
			productReference = DCDAA87B26BD4283005675A3 /* Palli Test App.app */;
			productType = "com.apple.product-type.application";
		};
/* End PBXNativeTarget section */

/* Begin PBXProject section */
		DCDAA87326BD4283005675A3 /* Project object */ = {
			isa = PBXProject;
			attributes = {
				BuildIndependentTargetsInParallel = 1;
				LastSwiftUpdateCheck = 1300;
				LastUpgradeCheck = 1300;
				TargetAttributes = {
					DCDAA87A26BD4283005675A3 = {
						CreatedOnToolsVersion = 13.0;
					};
				};
			};
			buildConfigurationList = DCDAA87626BD4283005675A3 /* Build configuration list for PBXProject "Palli Test App" */;
			compatibilityVersion = "Xcode 13.0";
			developmentRegion = en;
			hasScannedForEncodings = 0;
			knownRegions = (
				en,
				Base,
			);
			mainGroup = DCDAA87226BD4283005675A3;
			productRefGroup = DCDAA87C26BD4283005675A3 /* Products */;
			projectDirPath = "";
			projectRoot = "";
			targets = (
				DCDAA87A26BD4283005675A3 /* Palli Test App */,
			);
		};
/* End PBXProject section */

/* Begin PBXResourcesBuildPhase section */
		DCDAA87926BD4283005675A3 /* Resources */ = {
			isa = PBXResourcesBuildPhase;
			buildActionMask = 2147483647;
			files = (
				DC3741DA26BD8B2100AB8AD5 /* BooksTableViewCell.xib in Resources */,
				DCDAA88B26BD4285005675A3 /* LaunchScreen.storyboard in Resources */,
				DCDAA88826BD4285005675A3 /* Assets.xcassets in Resources */,
			);
			runOnlyForDeploymentPostprocessing = 0;
		};
/* End PBXResourcesBuildPhase section */

/* Begin PBXShellScriptBuildPhase section */
		274851A0C71FDE52A4ED38D9 /* [CP] Check Pods Manifest.lock */ = {
			isa = PBXShellScriptBuildPhase;
			buildActionMask = 2147483647;
			files = (
			);
			inputFileListPaths = (
			);
			inputPaths = (
				"${PODS_PODFILE_DIR_PATH}/Podfile.lock",
				"${PODS_ROOT}/Manifest.lock",
			);
			name = "[CP] Check Pods Manifest.lock";
			outputFileListPaths = (
			);
			outputPaths = (
				"$(DERIVED_FILE_DIR)/Pods-Palli Test App-checkManifestLockResult.txt",
			);
			runOnlyForDeploymentPostprocessing = 0;
			shellPath = /bin/sh;
			shellScript = "diff \"${PODS_PODFILE_DIR_PATH}/Podfile.lock\" \"${PODS_ROOT}/Manifest.lock\" > /dev/null\nif [ $? != 0 ] ; then\n    # print error to STDERR\n    echo \"error: The sandbox is not in sync with the Podfile.lock. Run 'pod install' or update your CocoaPods installation.\" >&2\n    exit 1\nfi\n# This output is used by Xcode 'outputs' to avoid re-running this script phase.\necho \"SUCCESS\" > \"${SCRIPT_OUTPUT_FILE_0}\"\n";
			showEnvVarsInLog = 0;
		};
		6A6ECF1613BE5BFC514D0A52 /* [CP] Embed Pods Frameworks */ = {
			isa = PBXShellScriptBuildPhase;
			buildActionMask = 2147483647;
			files = (
			);
			inputFileListPaths = (
				"${PODS_ROOT}/Target Support Files/Pods-Palli Test App/Pods-Palli Test App-frameworks-${CONFIGURATION}-input-files.xcfilelist",
			);
			name = "[CP] Embed Pods Frameworks";
			outputFileListPaths = (
				"${PODS_ROOT}/Target Support Files/Pods-Palli Test App/Pods-Palli Test App-frameworks-${CONFIGURATION}-output-files.xcfilelist",
			);
			runOnlyForDeploymentPostprocessing = 0;
			shellPath = /bin/sh;
			shellScript = "\"${PODS_ROOT}/Target Support Files/Pods-Palli Test App/Pods-Palli Test App-frameworks.sh\"\n";
			showEnvVarsInLog = 0;
		};
/* End PBXShellScriptBuildPhase section */

/* Begin PBXSourcesBuildPhase section */
		DCDAA87726BD4283005675A3 /* Sources */ = {
			isa = PBXSourcesBuildPhase;
			buildActionMask = 2147483647;
			files = (
				DCDAA8AD26BD5909005675A3 /* Books.swift in Sources */,
				DCDAA8A026BD50A8005675A3 /* BooksInteractor.swift in Sources */,
				DCDAA8A426BD554A005675A3 /* BookDetailContract.swift in Sources */,
				DCDAA89A26BD507A005675A3 /* BooksPresenter.swift in Sources */,
				DCDAA8A826BD557A005675A3 /* BookDetailViewController.swift in Sources */,
				DCDAA8A626BD555B005675A3 /* BookDetailPresenter.swift in Sources */,
				DC3741D926BD8B2100AB8AD5 /* BooksTableViewCell.swift in Sources */,
				DCDAA87F26BD4284005675A3 /* AppDelegate.swift in Sources */,
				DCDAA8A226BD54DE005675A3 /* BookDetailRouter.swift in Sources */,
				DCDAA89C26BD508C005675A3 /* BooksRouter.swift in Sources */,
				DCDAA89826BD5070005675A3 /* BooksContract.swift in Sources */,
				DCDAA8AF26BD5C46005675A3 /* APIManager.swift in Sources */,
				DCDAA8AA26BD5586005675A3 /* BookDetailInteractor.swift in Sources */,
				DCDAA89E26BD5099005675A3 /* BooksViewController.swift in Sources */,
			);
			runOnlyForDeploymentPostprocessing = 0;
		};
/* End PBXSourcesBuildPhase section */

/* Begin PBXVariantGroup section */
		DCDAA88926BD4285005675A3 /* LaunchScreen.storyboard */ = {
			isa = PBXVariantGroup;
			children = (
				DCDAA88A26BD4285005675A3 /* Base */,
			);
			name = LaunchScreen.storyboard;
			sourceTree = "<group>";
		};
/* End PBXVariantGroup section */

/* Begin XCBuildConfiguration section */
		DCDAA88D26BD4285005675A3 /* Debug */ = {
			isa = XCBuildConfiguration;
			buildSettings = {
				ALWAYS_SEARCH_USER_PATHS = NO;
				CLANG_ANALYZER_NONNULL = YES;
				CLANG_ANALYZER_NUMBER_OBJECT_CONVERSION = YES_AGGRESSIVE;
				CLANG_CXX_LANGUAGE_STANDARD = "gnu++17";
				CLANG_CXX_LIBRARY = "libc++";
				CLANG_ENABLE_MODULES = YES;
				CLANG_ENABLE_OBJC_ARC = YES;
				CLANG_ENABLE_OBJC_WEAK = YES;
				CLANG_WARN_BLOCK_CAPTURE_AUTORELEASING = YES;
				CLANG_WARN_BOOL_CONVERSION = YES;
				CLANG_WARN_COMMA = YES;
				CLANG_WARN_CONSTANT_CONVERSION = YES;
				CLANG_WARN_DEPRECATED_OBJC_IMPLEMENTATIONS = YES;
				CLANG_WARN_DIRECT_OBJC_ISA_USAGE = YES_ERROR;
				CLANG_WARN_DOCUMENTATION_COMMENTS = YES;
				CLANG_WARN_EMPTY_BODY = YES;
				CLANG_WARN_ENUM_CONVERSION = YES;
				CLANG_WARN_INFINITE_RECURSION = YES;
				CLANG_WARN_INT_CONVERSION = YES;
				CLANG_WARN_NON_LITERAL_NULL_CONVERSION = YES;
				CLANG_WARN_OBJC_IMPLICIT_RETAIN_SELF = YES;
				CLANG_WARN_OBJC_LITERAL_CONVERSION = YES;
				CLANG_WARN_OBJC_ROOT_CLASS = YES_ERROR;
				CLANG_WARN_QUOTED_INCLUDE_IN_FRAMEWORK_HEADER = YES;
				CLANG_WARN_RANGE_LOOP_ANALYSIS = YES;
				CLANG_WARN_STRICT_PROTOTYPES = YES;
				CLANG_WARN_SUSPICIOUS_MOVE = YES;
				CLANG_WARN_UNGUARDED_AVAILABILITY = YES_AGGRESSIVE;
				CLANG_WARN_UNREACHABLE_CODE = YES;
				CLANG_WARN__DUPLICATE_METHOD_MATCH = YES;
				COPY_PHASE_STRIP = NO;
				DEBUG_INFORMATION_FORMAT = dwarf;
				ENABLE_STRICT_OBJC_MSGSEND = YES;
				ENABLE_TESTABILITY = YES;
				GCC_C_LANGUAGE_STANDARD = gnu11;
				GCC_DYNAMIC_NO_PIC = NO;
				GCC_NO_COMMON_BLOCKS = YES;
				GCC_OPTIMIZATION_LEVEL = 0;
				GCC_PREPROCESSOR_DEFINITIONS = (
					"DEBUG=1",
					"$(inherited)",
				);
				GCC_WARN_64_TO_32_BIT_CONVERSION = YES;
				GCC_WARN_ABOUT_RETURN_TYPE = YES_ERROR;
				GCC_WARN_UNDECLARED_SELECTOR = YES;
				GCC_WARN_UNINITIALIZED_AUTOS = YES_AGGRESSIVE;
				GCC_WARN_UNUSED_FUNCTION = YES;
				GCC_WARN_UNUSED_VARIABLE = YES;
				IPHONEOS_DEPLOYMENT_TARGET = 15.0;
				MTL_ENABLE_DEBUG_INFO = INCLUDE_SOURCE;
				MTL_FAST_MATH = YES;
				ONLY_ACTIVE_ARCH = YES;
				SDKROOT = iphoneos;
				SWIFT_ACTIVE_COMPILATION_CONDITIONS = DEBUG;
				SWIFT_OPTIMIZATION_LEVEL = "-Onone";
			};
			name = Debug;
		};
		DCDAA88E26BD4285005675A3 /* Release */ = {
			isa = XCBuildConfiguration;
			buildSettings = {
				ALWAYS_SEARCH_USER_PATHS = NO;
				CLANG_ANALYZER_NONNULL = YES;
				CLANG_ANALYZER_NUMBER_OBJECT_CONVERSION = YES_AGGRESSIVE;
				CLANG_CXX_LANGUAGE_STANDARD = "gnu++17";
				CLANG_CXX_LIBRARY = "libc++";
				CLANG_ENABLE_MODULES = YES;
				CLANG_ENABLE_OBJC_ARC = YES;
				CLANG_ENABLE_OBJC_WEAK = YES;
				CLANG_WARN_BLOCK_CAPTURE_AUTORELEASING = YES;
				CLANG_WARN_BOOL_CONVERSION = YES;
				CLANG_WARN_COMMA = YES;
				CLANG_WARN_CONSTANT_CONVERSION = YES;
				CLANG_WARN_DEPRECATED_OBJC_IMPLEMENTATIONS = YES;
				CLANG_WARN_DIRECT_OBJC_ISA_USAGE = YES_ERROR;
				CLANG_WARN_DOCUMENTATION_COMMENTS = YES;
				CLANG_WARN_EMPTY_BODY = YES;
				CLANG_WARN_ENUM_CONVERSION = YES;
				CLANG_WARN_INFINITE_RECURSION = YES;
				CLANG_WARN_INT_CONVERSION = YES;
				CLANG_WARN_NON_LITERAL_NULL_CONVERSION = YES;
				CLANG_WARN_OBJC_IMPLICIT_RETAIN_SELF = YES;
				CLANG_WARN_OBJC_LITERAL_CONVERSION = YES;
				CLANG_WARN_OBJC_ROOT_CLASS = YES_ERROR;
				CLANG_WARN_QUOTED_INCLUDE_IN_FRAMEWORK_HEADER = YES;
				CLANG_WARN_RANGE_LOOP_ANALYSIS = YES;
				CLANG_WARN_STRICT_PROTOTYPES = YES;
				CLANG_WARN_SUSPICIOUS_MOVE = YES;
				CLANG_WARN_UNGUARDED_AVAILABILITY = YES_AGGRESSIVE;
				CLANG_WARN_UNREACHABLE_CODE = YES;
				CLANG_WARN__DUPLICATE_METHOD_MATCH = YES;
				COPY_PHASE_STRIP = NO;
				DEBUG_INFORMATION_FORMAT = "dwarf-with-dsym";
				ENABLE_NS_ASSERTIONS = NO;
				ENABLE_STRICT_OBJC_MSGSEND = YES;
				GCC_C_LANGUAGE_STANDARD = gnu11;
				GCC_NO_COMMON_BLOCKS = YES;
				GCC_WARN_64_TO_32_BIT_CONVERSION = YES;
				GCC_WARN_ABOUT_RETURN_TYPE = YES_ERROR;
				GCC_WARN_UNDECLARED_SELECTOR = YES;
				GCC_WARN_UNINITIALIZED_AUTOS = YES_AGGRESSIVE;
				GCC_WARN_UNUSED_FUNCTION = YES;
				GCC_WARN_UNUSED_VARIABLE = YES;
				IPHONEOS_DEPLOYMENT_TARGET = 15.0;
				MTL_ENABLE_DEBUG_INFO = NO;
				MTL_FAST_MATH = YES;
				SDKROOT = iphoneos;
				SWIFT_COMPILATION_MODE = wholemodule;
				SWIFT_OPTIMIZATION_LEVEL = "-O";
				VALIDATE_PRODUCT = YES;
			};
			name = Release;
		};
		DCDAA89026BD4285005675A3 /* Debug */ = {
			isa = XCBuildConfiguration;
			baseConfigurationReference = A3C22DCAF1EBBA7F2F0D4DE6 /* Pods-Palli Test App.debug.xcconfig */;
			buildSettings = {
				ASSETCATALOG_COMPILER_APPICON_NAME = AppIcon;
				ASSETCATALOG_COMPILER_GLOBAL_ACCENT_COLOR_NAME = AccentColor;
				CODE_SIGN_STYLE = Automatic;
				CURRENT_PROJECT_VERSION = 1;
				DEVELOPMENT_TEAM = 96T58X7Y46;
				GENERATE_INFOPLIST_FILE = NO;
				INFOPLIST_FILE = "/Users/coder/Desktop/Palli Test App/Palli Test App/Other/Info.plist";
				INFOPLIST_KEY_UIApplicationSupportsIndirectInputEvents = YES;
				INFOPLIST_KEY_UILaunchStoryboardName = LaunchScreen;
				INFOPLIST_KEY_UISupportedInterfaceOrientations_iPad = "UIInterfaceOrientationPortrait UIInterfaceOrientationPortraitUpsideDown UIInterfaceOrientationLandscapeLeft UIInterfaceOrientationLandscapeRight";
				INFOPLIST_KEY_UISupportedInterfaceOrientations_iPhone = "UIInterfaceOrientationPortrait UIInterfaceOrientationLandscapeLeft UIInterfaceOrientationLandscapeRight";
				IPHONEOS_DEPLOYMENT_TARGET = 13.0;
				LD_RUNPATH_SEARCH_PATHS = (
					"$(inherited)",
					"@executable_path/Frameworks",
				);
				MARKETING_VERSION = 1.0;
				PRODUCT_BUNDLE_IDENTIFIER = "com.coder.Palli-Test-App";
				PRODUCT_NAME = "$(TARGET_NAME)";
				SWIFT_EMIT_LOC_STRINGS = YES;
				SWIFT_VERSION = 5.0;
				TARGETED_DEVICE_FAMILY = "1,2";
			};
			name = Debug;
		};
		DCDAA89126BD4285005675A3 /* Release */ = {
			isa = XCBuildConfiguration;
			baseConfigurationReference = 2F2CF8DC016D4AFE6468EAED /* Pods-Palli Test App.release.xcconfig */;
			buildSettings = {
				ASSETCATALOG_COMPILER_APPICON_NAME = AppIcon;
				ASSETCATALOG_COMPILER_GLOBAL_ACCENT_COLOR_NAME = AccentColor;
				CODE_SIGN_STYLE = Automatic;
				CURRENT_PROJECT_VERSION = 1;
				DEVELOPMENT_TEAM = 96T58X7Y46;
				GENERATE_INFOPLIST_FILE = NO;
				INFOPLIST_FILE = "/Users/coder/Desktop/Palli Test App/Palli Test App/Other/Info.plist";
				INFOPLIST_KEY_UIApplicationSupportsIndirectInputEvents = YES;
				INFOPLIST_KEY_UILaunchStoryboardName = LaunchScreen;
				INFOPLIST_KEY_UISupportedInterfaceOrientations_iPad = "UIInterfaceOrientationPortrait UIInterfaceOrientationPortraitUpsideDown UIInterfaceOrientationLandscapeLeft UIInterfaceOrientationLandscapeRight";
				INFOPLIST_KEY_UISupportedInterfaceOrientations_iPhone = "UIInterfaceOrientationPortrait UIInterfaceOrientationLandscapeLeft UIInterfaceOrientationLandscapeRight";
				IPHONEOS_DEPLOYMENT_TARGET = 13.0;
				LD_RUNPATH_SEARCH_PATHS = (
					"$(inherited)",
					"@executable_path/Frameworks",
				);
				MARKETING_VERSION = 1.0;
				PRODUCT_BUNDLE_IDENTIFIER = "com.coder.Palli-Test-App";
				PRODUCT_NAME = "$(TARGET_NAME)";
				SWIFT_EMIT_LOC_STRINGS = YES;
				SWIFT_VERSION = 5.0;
				TARGETED_DEVICE_FAMILY = "1,2";
			};
			name = Release;
		};
/* End XCBuildConfiguration section */

/* Begin XCConfigurationList section */
		DCDAA87626BD4283005675A3 /* Build configuration list for PBXProject "Palli Test App" */ = {
			isa = XCConfigurationList;
			buildConfigurations = (
				DCDAA88D26BD4285005675A3 /* Debug */,
				DCDAA88E26BD4285005675A3 /* Release */,
			);
			defaultConfigurationIsVisible = 0;
			defaultConfigurationName = Release;
		};
		DCDAA88F26BD4285005675A3 /* Build configuration list for PBXNativeTarget "Palli Test App" */ = {
			isa = XCConfigurationList;
			buildConfigurations = (
				DCDAA89026BD4285005675A3 /* Debug */,
				DCDAA89126BD4285005675A3 /* Release */,
			);
			defaultConfigurationIsVisible = 0;
			defaultConfigurationName = Release;
		};
/* End XCConfigurationList section */
	};
	rootObject = DCDAA87326BD4283005675A3 /* Project object */;
}
